
Microsoft Visual Studio Solution File, Format Version 12.00
# Visual Studio Version 16
VisualStudioVersion = 16.0.30128.74
MinimumVisualStudioVersion = 10.0.40219.1
Project("{FAE04EC0-301F-11D3-BF4B-00C04F79EFBC}") = "Project4_TSullivan", "Project4_TSullivan.csproj", "{9EF9FF35-E6B2-45F0-9268-CABD2AD412EE}"
EndProject
Global
	GlobalSection(SolutionConfigurationPlatforms) = preSolution
		Debug|Any CPU = Debug|Any CPU
		Release|Any CPU = Release|Any CPU
	EndGlobalSection
	GlobalSection(ProjectConfigurationPlatforms) = postSolution
		{9EF9FF35-E6B2-45F0-9268-CABD2AD412EE}.Debug|Any CPU.ActiveCfg = Debug|Any CPU
		{9EF9FF35-E6B2-45F0-9268-CABD2AD412EE}.Debug|Any CPU.Build.0 = Debug|Any CPU
		{9EF9FF35-E6B2-45F0-9268-CABD2AD412EE}.Release|Any CPU.ActiveCfg = Release|Any CPU
		{9EF9FF35-E6B2-45F0-9268-CABD2AD412EE}.Release|Any CPU.Build.0 = Release|Any CPU
	EndGlobalSection
	GlobalSection(SolutionProperties) = preSolution
		HideSolutionNode = FALSE
	EndGlobalSection
	GlobalSection(ExtensibilityGlobals) = postSolution
		SolutionGuid = {837D9435-2E47-4B83-B143-34B9A53959FE}
	EndGlobalSection
EndGlobal
